// !$*UTF8*$!
{
	archiveVersion = 1;
	classes = {
	};
	objectVersion = 50;
	objects = {

/* Begin PBXBuildFile section */
		DCDEBDC02521403E00DFEEC5 /* AppDelegate.swift in Sources */ = {isa = PBXBuildFile; fileRef = DCDEBDBF2521403E00DFEEC5 /* AppDelegate.swift */; };
		DCDEBDC22521403E00DFEEC5 /* SceneDelegate.swift in Sources */ = {isa = PBXBuildFile; fileRef = DCDEBDC12521403E00DFEEC5 /* SceneDelegate.swift */; };
		DCDEBDC72521403E00DFEEC5 /* Main.storyboard in Resources */ = {isa = PBXBuildFile; fileRef = DCDEBDC52521403E00DFEEC5 /* Main.storyboard */; };
		DCDEBDC92521403F00DFEEC5 /* Assets.xcassets in Resources */ = {isa = PBXBuildFile; fileRef = DCDEBDC82521403F00DFEEC5 /* Assets.xcassets */; };
		DCDEBDCC2521403F00DFEEC5 /* LaunchScreen.storyboard in Resources */ = {isa = PBXBuildFile; fileRef = DCDEBDCA2521403F00DFEEC5 /* LaunchScreen.storyboard */; };
		DCDEBDD72521403F00DFEEC5 /* ColorsTests.swift in Sources */ = {isa = PBXBuildFile; fileRef = DCDEBDD62521403F00DFEEC5 /* ColorsTests.swift */; };
		DCDEBDE22521403F00DFEEC5 /* ColorsUITests.swift in Sources */ = {isa = PBXBuildFile; fileRef = DCDEBDE12521403F00DFEEC5 /* ColorsUITests.swift */; };
		DCDEBDF6252140F800DFEEC5 /* ColorsViewController.swift in Sources */ = {isa = PBXBuildFile; fileRef = DCDEBDF5252140F800DFEEC5 /* ColorsViewController.swift */; };
/* End PBXBuildFile section */

/* Begin PBXContainerItemProxy section */
		DCDEBDD32521403F00DFEEC5 /* PBXContainerItemProxy */ = {
			isa = PBXContainerItemProxy;
			containerPortal = DCDEBDB42521403E00DFEEC5 /* Project object */;
			proxyType = 1;
			remoteGlobalIDString = DCDEBDBB2521403E00DFEEC5;
			remoteInfo = Colors;
		};
		DCDEBDDE2521403F00DFEEC5 /* PBXContainerItemProxy */ = {
			isa = PBXContainerItemProxy;
			containerPortal = DCDEBDB42521403E00DFEEC5 /* Project object */;
			proxyType = 1;
			remoteGlobalIDString = DCDEBDBB2521403E00DFEEC5;
			remoteInfo = Colors;
		};
/* End PBXContainerItemProxy section */

/* Begin PBXFileReference section */
		DCDEBDBC2521403E00DFEEC5 /* Colors.app */ = {isa = PBXFileReference; explicitFileType = wrapper.application; includeInIndex = 0; path = Colors.app; sourceTree = BUILT_PRODUCTS_DIR; };
		DCDEBDBF2521403E00DFEEC5 /* AppDelegate.swift */ = {isa = PBXFileReference; lastKnownFileType = sourcecode.swift; path = AppDelegate.swift; sourceTree = "<group>"; };
		DCDEBDC12521403E00DFEEC5 /* SceneDelegate.swift */ = {isa = PBXFileReference; lastKnownFileType = sourcecode.swift; path = SceneDelegate.swift; sourceTree = "<group>"; };
		DCDEBDC62521403E00DFEEC5 /* Base */ = {isa = PBXFileReference; lastKnownFileType = file.storyboard; name = Base; path = Base.lproj/Main.storyboard; sourceTree = "<group>"; };
		DCDEBDC82521403F00DFEEC5 /* Assets.xcassets */ = {isa = PBXFileReference; lastKnownFileType = folder.assetcatalog; path = Assets.xcassets; sourceTree = "<group>"; };
		DCDEBDCB2521403F00DFEEC5 /* Base */ = {isa = PBXFileReference; lastKnownFileType = file.storyboard; name = Base; path = Base.lproj/LaunchScreen.storyboard; sourceTree = "<group>"; };
		DCDEBDCD2521403F00DFEEC5 /* Info.plist */ = {isa = PBXFileReference; lastKnownFileType = text.plist.xml; path = Info.plist; sourceTree = "<group>"; };
		DCDEBDD22521403F00DFEEC5 /* ColorsTests.xctest */ = {isa = PBXFileReference; explicitFileType = wrapper.cfbundle; includeInIndex = 0; path = ColorsTests.xctest; sourceTree = BUILT_PRODUCTS_DIR; };
		DCDEBDD62521403F00DFEEC5 /* ColorsTests.swift */ = {isa = PBXFileReference; lastKnownFileType = sourcecode.swift; path = ColorsTests.swift; sourceTree = "<group>"; };
		DCDEBDD82521403F00DFEEC5 /* Info.plist */ = {isa = PBXFileReference; lastKnownFileType = text.plist.xml; path = Info.plist; sourceTree = "<group>"; };
		DCDEBDDD2521403F00DFEEC5 /* ColorsUITests.xctest */ = {isa = PBXFileReference; explicitFileType = wrapper.cfbundle; includeInIndex = 0; path = ColorsUITests.xctest; sourceTree = BUILT_PRODUCTS_DIR; };
		DCDEBDE12521403F00DFEEC5 /* ColorsUITests.swift */ = {isa = PBXFileReference; lastKnownFileType = sourcecode.swift; path = ColorsUITests.swift; sourceTree = "<group>"; };
		DCDEBDE32521403F00DFEEC5 /* Info.plist */ = {isa = PBXFileReference; lastKnownFileType = text.plist.xml; path = Info.plist; sourceTree = "<group>"; };
		DCDEBDF5252140F800DFEEC5 /* ColorsViewController.swift */ = {isa = PBXFileReference; lastKnownFileType = sourcecode.swift; path = ColorsViewController.swift; sourceTree = "<group>"; };
/* End PBXFileReference section */

/* Begin PBXFrameworksBuildPhase section */
		DCDEBDB92521403E00DFEEC5 /* Frameworks */ = {
			isa = PBXFrameworksBuildPhase;
			buildActionMask = 2147483647;
			files = (
			);
			runOnlyForDeploymentPostprocessing = 0;
		};
		DCDEBDCF2521403F00DFEEC5 /* Frameworks */ = {
			isa = PBXFrameworksBuildPhase;
			buildActionMask = 2147483647;
			files = (
			);
			runOnlyForDeploymentPostprocessing = 0;
		};
		DCDEBDDA2521403F00DFEEC5 /* Frameworks */ = {
			isa = PBXFrameworksBuildPhase;
			buildActionMask = 2147483647;
			files = (
			);
			runOnlyForDeploymentPostprocessing = 0;
		};
/* End PBXFrameworksBuildPhase section */

/* Begin PBXGroup section */
		DCDEBDB32521403E00DFEEC5 = {
			isa = PBXGroup;
			children = (
				DCDEBDBE2521403E00DFEEC5 /* Colors */,
				DCDEBDD52521403F00DFEEC5 /* ColorsTests */,
				DCDEBDE02521403F00DFEEC5 /* ColorsUITests */,
				DCDEBDBD2521403E00DFEEC5 /* Products */,
			);
			sourceTree = "<group>";
		};
		DCDEBDBD2521403E00DFEEC5 /* Products */ = {
			isa = PBXGroup;
			children = (
				DCDEBDBC2521403E00DFEEC5 /* Colors.app */,
				DCDEBDD22521403F00DFEEC5 /* ColorsTests.xctest */,
				DCDEBDDD2521403F00DFEEC5 /* ColorsUITests.xctest */,
			);
			name = Products;
			sourceTree = "<group>";
		};
		DCDEBDBE2521403E00DFEEC5 /* Colors */ = {
			isa = PBXGroup;
			children = (
				DCDEBDBF2521403E00DFEEC5 /* AppDelegate.swift */,
				DCDEBDC12521403E00DFEEC5 /* SceneDelegate.swift */,
				DCDEBDF5252140F800DFEEC5 /* ColorsViewController.swift */,
				DCDEBDC52521403E00DFEEC5 /* Main.storyboard */,
				DCDEBDC82521403F00DFEEC5 /* Assets.xcassets */,
				DCDEBDCA2521403F00DFEEC5 /* LaunchScreen.storyboard */,
				DCDEBDCD2521403F00DFEEC5 /* Info.plist */,
			);
			path = Colors;
			sourceTree = "<group>";
		};
		DCDEBDD52521403F00DFEEC5 /* ColorsTests */ = {
			isa = PBXGroup;
			children = (
				DCDEBDD62521403F00DFEEC5 /* ColorsTests.swift */,
				DCDEBDD82521403F00DFEEC5 /* Info.plist */,
			);
			path = ColorsTests;
			sourceTree = "<group>";
		};
		DCDEBDE02521403F00DFEEC5 /* ColorsUITests */ = {
			isa = PBXGroup;
			children = (
				DCDEBDE12521403F00DFEEC5 /* ColorsUITests.swift */,
				DCDEBDE32521403F00DFEEC5 /* Info.plist */,
			);
			path = ColorsUITests;
			sourceTree = "<group>";
		};
/* End PBXGroup section */

/* Begin PBXNativeTarget section */
		DCDEBDBB2521403E00DFEEC5 /* Colors */ = {
			isa = PBXNativeTarget;
			buildConfigurationList = DCDEBDE62521403F00DFEEC5 /* Build configuration list for PBXNativeTarget "Colors" */;
			buildPhases = (
				DCDEBDB82521403E00DFEEC5 /* Sources */,
				DCDEBDB92521403E00DFEEC5 /* Frameworks */,
				DCDEBDBA2521403E00DFEEC5 /* Resources */,
			);
			buildRules = (
			);
			dependencies = (
			);
			name = Colors;
			productName = Colors;
			productReference = DCDEBDBC2521403E00DFEEC5 /* Colors.app */;
			productType = "com.apple.product-type.application";
		};
		DCDEBDD12521403F00DFEEC5 /* ColorsTests */ = {
			isa = PBXNativeTarget;
			buildConfigurationList = DCDEBDE92521403F00DFEEC5 /* Build configuration list for PBXNativeTarget "ColorsTests" */;
			buildPhases = (
				DCDEBDCE2521403F00DFEEC5 /* Sources */,
				DCDEBDCF2521403F00DFEEC5 /* Frameworks */,
				DCDEBDD02521403F00DFEEC5 /* Resources */,
			);
			buildRules = (
			);
			dependencies = (
				DCDEBDD42521403F00DFEEC5 /* PBXTargetDependency */,
			);
			name = ColorsTests;
			productName = ColorsTests;
			productReference = DCDEBDD22521403F00DFEEC5 /* ColorsTests.xctest */;
			productType = "com.apple.product-type.bundle.unit-test";
		};
		DCDEBDDC2521403F00DFEEC5 /* ColorsUITests */ = {
			isa = PBXNativeTarget;
			buildConfigurationList = DCDEBDEC2521403F00DFEEC5 /* Build configuration list for PBXNativeTarget "ColorsUITests" */;
			buildPhases = (
				DCDEBDD92521403F00DFEEC5 /* Sources */,
				DCDEBDDA2521403F00DFEEC5 /* Frameworks */,
				DCDEBDDB2521403F00DFEEC5 /* Resources */,
			);
			buildRules = (
			);
			dependencies = (
				DCDEBDDF2521403F00DFEEC5 /* PBXTargetDependency */,
			);
			name = ColorsUITests;
			productName = ColorsUITests;
			productReference = DCDEBDDD2521403F00DFEEC5 /* ColorsUITests.xctest */;
			productType = "com.apple.product-type.bundle.ui-testing";
		};
/* End PBXNativeTarget section */

/* Begin PBXProject section */
		DCDEBDB42521403E00DFEEC5 /* Project object */ = {
			isa = PBXProject;
			attributes = {
				LastSwiftUpdateCheck = 1200;
				LastUpgradeCheck = 1200;
				TargetAttributes = {
					DCDEBDBB2521403E00DFEEC5 = {
						CreatedOnToolsVersion = 12.0;
					};
					DCDEBDD12521403F00DFEEC5 = {
						CreatedOnToolsVersion = 12.0;
						TestTargetID = DCDEBDBB2521403E00DFEEC5;
					};
					DCDEBDDC2521403F00DFEEC5 = {
						CreatedOnToolsVersion = 12.0;
						TestTargetID = DCDEBDBB2521403E00DFEEC5;
					};
				};
			};
			buildConfigurationList = DCDEBDB72521403E00DFEEC5 /* Build configuration list for PBXProject "Colors" */;
			compatibilityVersion = "Xcode 9.3";
			developmentRegion = en;
			hasScannedForEncodings = 0;
			knownRegions = (
				en,
				Base,
			);
			mainGroup = DCDEBDB32521403E00DFEEC5;
			productRefGroup = DCDEBDBD2521403E00DFEEC5 /* Products */;
			projectDirPath = "";
			projectRoot = "";
			targets = (
				DCDEBDBB2521403E00DFEEC5 /* Colors */,
				DCDEBDD12521403F00DFEEC5 /* ColorsTests */,
				DCDEBDDC2521403F00DFEEC5 /* ColorsUITests */,
			);
		};
/* End PBXProject section */

/* Begin PBXResourcesBuildPhase section */
		DCDEBDBA2521403E00DFEEC5 /* Resources */ = {
			isa = PBXResourcesBuildPhase;
			buildActionMask = 2147483647;
			files = (
				DCDEBDCC2521403F00DFEEC5 /* LaunchScreen.storyboard in Resources */,
				DCDEBDC92521403F00DFEEC5 /* Assets.xcassets in Resources */,
				DCDEBDC72521403E00DFEEC5 /* Main.storyboard in Resources */,
			);
			runOnlyForDeploymentPostprocessing = 0;
		};
		DCDEBDD02521403F00DFEEC5 /* Resources */ = {
			isa = PBXResourcesBuildPhase;
			buildActionMask = 2147483647;
			files = (
			);
			runOnlyForDeploymentPostprocessing = 0;
		};
		DCDEBDDB2521403F00DFEEC5 /* Resources */ = {
			isa = PBXResourcesBuildPhase;
			buildActionMask = 2147483647;
			files = (
			);
			runOnlyForDeploymentPostprocessing = 0;
		};
/* End PBXResourcesBuildPhase section */

/* Begin PBXSourcesBuildPhase section */
		DCDEBDB82521403E00DFEEC5 /* Sources */ = {
			isa = PBXSourcesBuildPhase;
			buildActionMask = 2147483647;
			files = (
				DCDEBDC02521403E00DFEEC5 /* AppDelegate.swift in Sources */,
				DCDEBDF6252140F800DFEEC5 /* ColorsViewController.swift in Sources */,
				DCDEBDC22521403E00DFEEC5 /* SceneDelegate.swift in Sources */,
			);
			runOnlyForDeploymentPostprocessing = 0;
		};
		DCDEBDCE2521403F00DFEEC5 /* Sources */ = {
			isa = PBXSourcesBuildPhase;
			buildActionMask = 2147483647;
			files = (
				DCDEBDD72521403F00DFEEC5 /* ColorsTests.swift in Sources */,
			);
			runOnlyForDeploymentPostprocessing = 0;
		};
		DCDEBDD92521403F00DFEEC5 /* Sources */ = {
			isa = PBXSourcesBuildPhase;
			buildActionMask = 2147483647;
			files = (
				DCDEBDE22521403F00DFEEC5 /* ColorsUITests.swift in Sources */,
			);
			runOnlyForDeploymentPostprocessing = 0;
		};
/* End PBXSourcesBuildPhase section */

/* Begin PBXTargetDependency section */
		DCDEBDD42521403F00DFEEC5 /* PBXTargetDependency */ = {
			isa = PBXTargetDependency;
			target = DCDEBDBB2521403E00DFEEC5 /* Colors */;
			targetProxy = DCDEBDD32521403F00DFEEC5 /* PBXContainerItemProxy */;
		};
		DCDEBDDF2521403F00DFEEC5 /* PBXTargetDependency */ = {
			isa = PBXTargetDependency;
			target = DCDEBDBB2521403E00DFEEC5 /* Colors */;
			targetProxy = DCDEBDDE2521403F00DFEEC5 /* PBXContainerItemProxy */;
		};
/* End PBXTargetDependency section */

/* Begin PBXVariantGroup section */
		DCDEBDC52521403E00DFEEC5 /* Main.storyboard */ = {
			isa = PBXVariantGroup;
			children = (
				DCDEBDC62521403E00DFEEC5 /* Base */,
			);
			name = Main.storyboard;
			sourceTree = "<group>";
		};
		DCDEBDCA2521403F00DFEEC5 /* LaunchScreen.storyboard */ = {
			isa = PBXVariantGroup;
			children = (
				DCDEBDCB2521403F00DFEEC5 /* Base */,
			);
			name = LaunchScreen.storyboard;
			sourceTree = "<group>";
		};
/* End PBXVariantGroup section */

/* Begin XCBuildConfiguration section */
		DCDEBDE42521403F00DFEEC5 /* Debug */ = {
			isa = XCBuildConfiguration;
			buildSettings = {
				ALWAYS_SEARCH_USER_PATHS = NO;
				CLANG_ANALYZER_NONNULL = YES;
				CLANG_ANALYZER_NUMBER_OBJECT_CONVERSION = YES_AGGRESSIVE;
				CLANG_CXX_LANGUAGE_STANDARD = "gnu++14";
				CLANG_CXX_LIBRARY = "libc++";
				CLANG_ENABLE_MODULES = YES;
				CLANG_ENABLE_OBJC_ARC = YES;
				CLANG_ENABLE_OBJC_WEAK = YES;
				CLANG_WARN_BLOCK_CAPTURE_AUTORELEASING = YES;
				CLANG_WARN_BOOL_CONVERSION = YES;
				CLANG_WARN_COMMA = YES;
				CLANG_WARN_CONSTANT_CONVERSION = YES;
				CLANG_WARN_DEPRECATED_OBJC_IMPLEMENTATIONS = YES;
				CLANG_WARN_DIRECT_OBJC_ISA_USAGE = YES_ERROR;
				CLANG_WARN_DOCUMENTATION_COMMENTS = YES;
				CLANG_WARN_EMPTY_BODY = YES;
				CLANG_WARN_ENUM_CONVERSION = YES;
				CLANG_WARN_INFINITE_RECURSION = YES;
				CLANG_WARN_INT_CONVERSION = YES;
				CLANG_WARN_NON_LITERAL_NULL_CONVERSION = YES;
				CLANG_WARN_OBJC_IMPLICIT_RETAIN_SELF = YES;
				CLANG_WARN_OBJC_LITERAL_CONVERSION = YES;
				CLANG_WARN_OBJC_ROOT_CLASS = YES_ERROR;
				CLANG_WARN_QUOTED_INCLUDE_IN_FRAMEWORK_HEADER = YES;
				CLANG_WARN_RANGE_LOOP_ANALYSIS = YES;
				CLANG_WARN_STRICT_PROTOTYPES = YES;
				CLANG_WARN_SUSPICIOUS_MOVE = YES;
				CLANG_WARN_UNGUARDED_AVAILABILITY = YES_AGGRESSIVE;
				CLANG_WARN_UNREACHABLE_CODE = YES;
				CLANG_WARN__DUPLICATE_METHOD_MATCH = YES;
				COPY_PHASE_STRIP = NO;
				DEBUG_INFORMATION_FORMAT = dwarf;
				ENABLE_STRICT_OBJC_MSGSEND = YES;
				ENABLE_TESTABILITY = YES;
				GCC_C_LANGUAGE_STANDARD = gnu11;
				GCC_DYNAMIC_NO_PIC = NO;
				GCC_NO_COMMON_BLOCKS = YES;
				GCC_OPTIMIZATION_LEVEL = 0;
				GCC_PREPROCESSOR_DEFINITIONS = (
					"DEBUG=1",
					"$(inherited)",
				);
				GCC_WARN_64_TO_32_BIT_CONVERSION = YES;
				GCC_WARN_ABOUT_RETURN_TYPE = YES_ERROR;
				GCC_WARN_UNDECLARED_SELECTOR = YES;
				GCC_WARN_UNINITIALIZED_AUTOS = YES_AGGRESSIVE;
				GCC_WARN_UNUSED_FUNCTION = YES;
				GCC_WARN_UNUSED_VARIABLE = YES;
				IPHONEOS_DEPLOYMENT_TARGET = 14.0;
				MTL_ENABLE_DEBUG_INFO = INCLUDE_SOURCE;
				MTL_FAST_MATH = YES;
				ONLY_ACTIVE_ARCH = YES;
				SDKROOT = iphoneos;
				SWIFT_ACTIVE_COMPILATION_CONDITIONS = DEBUG;
				SWIFT_OPTIMIZATION_LEVEL = "-Onone";
			};
			name = Debug;
		};
		DCDEBDE52521403F00DFEEC5 /* Release */ = {
			isa = XCBuildConfiguration;
			buildSettings = {
				ALWAYS_SEARCH_USER_PATHS = NO;
				CLANG_ANALYZER_NONNULL = YES;
				CLANG_ANALYZER_NUMBER_OBJECT_CONVERSION = YES_AGGRESSIVE;
				CLANG_CXX_LANGUAGE_STANDARD = "gnu++14";
				CLANG_CXX_LIBRARY = "libc++";
				CLANG_ENABLE_MODULES = YES;
				CLANG_ENABLE_OBJC_ARC = YES;
				CLANG_ENABLE_OBJC_WEAK = YES;
				CLANG_WARN_BLOCK_CAPTURE_AUTORELEASING = YES;
				CLANG_WARN_BOOL_CONVERSION = YES;
				CLANG_WARN_COMMA = YES;
				CLANG_WARN_CONSTANT_CONVERSION = YES;
				CLANG_WARN_DEPRECATED_OBJC_IMPLEMENTATIONS = YES;
				CLANG_WARN_DIRECT_OBJC_ISA_USAGE = YES_ERROR;
				CLANG_WARN_DOCUMENTATION_COMMENTS = YES;
				CLANG_WARN_EMPTY_BODY = YES;
				CLANG_WARN_ENUM_CONVERSION = YES;
				CLANG_WARN_INFINITE_RECURSION = YES;
				CLANG_WARN_INT_CONVERSION = YES;
				CLANG_WARN_NON_LITERAL_NULL_CONVERSION = YES;
				CLANG_WARN_OBJC_IMPLICIT_RETAIN_SELF = YES;
				CLANG_WARN_OBJC_LITERAL_CONVERSION = YES;
				CLANG_WARN_OBJC_ROOT_CLASS = YES_ERROR;
				CLANG_WARN_QUOTED_INCLUDE_IN_FRAMEWORK_HEADER = YES;
				CLANG_WARN_RANGE_LOOP_ANALYSIS = YES;
				CLANG_WARN_STRICT_PROTOTYPES = YES;
				CLANG_WARN_SUSPICIOUS_MOVE = YES;
				CLANG_WARN_UNGUARDED_AVAILABILITY = YES_AGGRESSIVE;
				CLANG_WARN_UNREACHABLE_CODE = YES;
				CLANG_WARN__DUPLICATE_METHOD_MATCH = YES;
				COPY_PHASE_STRIP = NO;
				DEBUG_INFORMATION_FORMAT = "dwarf-with-dsym";
				ENABLE_NS_ASSERTIONS = NO;
				ENABLE_STRICT_OBJC_MSGSEND = YES;
				GCC_C_LANGUAGE_STANDARD = gnu11;
				GCC_NO_COMMON_BLOCKS = YES;
				GCC_WARN_64_TO_32_BIT_CONVERSION = YES;
				GCC_WARN_ABOUT_RETURN_TYPE = YES_ERROR;
				GCC_WARN_UNDECLARED_SELECTOR = YES;
				GCC_WARN_UNINITIALIZED_AUTOS = YES_AGGRESSIVE;
				GCC_WARN_UNUSED_FUNCTION = YES;
				GCC_WARN_UNUSED_VARIABLE = YES;
				IPHONEOS_DEPLOYMENT_TARGET = 14.0;
				MTL_ENABLE_DEBUG_INFO = NO;
				MTL_FAST_MATH = YES;
				SDKROOT = iphoneos;
				SWIFT_COMPILATION_MODE = wholemodule;
				SWIFT_OPTIMIZATION_LEVEL = "-O";
				VALIDATE_PRODUCT = YES;
			};
			name = Release;
		};
		DCDEBDE72521403F00DFEEC5 /* Debug */ = {
			isa = XCBuildConfiguration;
			buildSettings = {
				ASSETCATALOG_COMPILER_APPICON_NAME = AppIcon;
				ASSETCATALOG_COMPILER_GLOBAL_ACCENT_COLOR_NAME = AccentColor;
				CODE_SIGN_STYLE = Automatic;
				DEVELOPMENT_TEAM = L7G7DSRFPX;
				INFOPLIST_FILE = Colors/Info.plist;
				LD_RUNPATH_SEARCH_PATHS = (
					"$(inherited)",
					"@executable_path/Frameworks",
				);
				PRODUCT_BUNDLE_IDENTIFIER = edu.Missouri.Colors;
				PRODUCT_NAME = "$(TARGET_NAME)";
				SWIFT_VERSION = 5.0;
				TARGETED_DEVICE_FAMILY = "1,2";
			};
			name = Debug;
		};
		DCDEBDE82521403F00DFEEC5 /* Release */ = {
			isa = XCBuildConfiguration;
			buildSettings = {
				ASSETCATALOG_COMPILER_APPICON_NAME = AppIcon;
				ASSETCATALOG_COMPILER_GLOBAL_ACCENT_COLOR_NAME = AccentColor;
				CODE_SIGN_STYLE = Automatic;
				DEVELOPMENT_TEAM = L7G7DSRFPX;
				INFOPLIST_FILE = Colors/Info.plist;
				LD_RUNPATH_SEARCH_PATHS = (
					"$(inherited)",
					"@executable_path/Frameworks",
				);
				PRODUCT_BUNDLE_IDENTIFIER = edu.Missouri.Colors;
				PRODUCT_NAME = "$(TARGET_NAME)";
				SWIFT_VERSION = 5.0;
				TARGETED_DEVICE_FAMILY = "1,2";
			};
			name = Release;
		};
		DCDEBDEA2521403F00DFEEC5 /* Debug */ = {
			isa = XCBuildConfiguration;
			buildSettings = {
				ALWAYS_EMBED_SWIFT_STANDARD_LIBRARIES = YES;
				BUNDLE_LOADER = "$(TEST_HOST)";
				CODE_SIGN_STYLE = Automatic;
				DEVELOPMENT_TEAM = L7G7DSRFPX;
				INFOPLIST_FILE = ColorsTests/Info.plist;
				IPHONEOS_DEPLOYMENT_TARGET = 14.0;
				LD_RUNPATH_SEARCH_PATHS = (
					"$(inherited)",
					"@executable_path/Frameworks",
					"@loader_path/Frameworks",
				);
				PRODUCT_BUNDLE_IDENTIFIER = edu.Missouri.ColorsTests;
				PRODUCT_NAME = "$(TARGET_NAME)";
				SWIFT_VERSION = 5.0;
				TARGETED_DEVICE_FAMILY = "1,2";
				TEST_HOST = "$(BUILT_PRODUCTS_DIR)/Colors.app/Colors";
			};
			name = Debug;
		};
		DCDEBDEB2521403F00DFEEC5 /* Release */ = {
			isa = XCBuildConfiguration;
			buildSettings = {
				ALWAYS_EMBED_SWIFT_STANDARD_LIBRARIES = YES;
				BUNDLE_LOADER = "$(TEST_HOST)";
				CODE_SIGN_STYLE = Automatic;
				DEVELOPMENT_TEAM = L7G7DSRFPX;
				INFOPLIST_FILE = ColorsTests/Info.plist;
				IPHONEOS_DEPLOYMENT_TARGET = 14.0;
				LD_RUNPATH_SEARCH_PATHS = (
					"$(inherited)",
					"@executable_path/Frameworks",
					"@loader_path/Frameworks",
				);
				PRODUCT_BUNDLE_IDENTIFIER = edu.Missouri.ColorsTests;
				PRODUCT_NAME = "$(TARGET_NAME)";
				SWIFT_VERSION = 5.0;
				TARGETED_DEVICE_FAMILY = "1,2";
				TEST_HOST = "$(BUILT_PRODUCTS_DIR)/Colors.app/Colors";
			};
			name = Release;
		};
		DCDEBDED2521403F00DFEEC5 /* Debug */ = {
			isa = XCBuildConfiguration;
			buildSettings = {
				ALWAYS_EMBED_SWIFT_STANDARD_LIBRARIES = YES;
				CODE_SIGN_STYLE = Automatic;
				DEVELOPMENT_TEAM = L7G7DSRFPX;
				INFOPLIST_FILE = ColorsUITests/Info.plist;
				LD_RUNPATH_SEARCH_PATHS = (
					"$(inherited)",
					"@executable_path/Frameworks",
					"@loader_path/Frameworks",
				);
				PRODUCT_BUNDLE_IDENTIFIER = edu.Missouri.ColorsUITests;
				PRODUCT_NAME = "$(TARGET_NAME)";
				SWIFT_VERSION = 5.0;
				TARGETED_DEVICE_FAMILY = "1,2";
				TEST_TARGET_NAME = Colors;
			};
			name = Debug;
		};
		DCDEBDEE2521403F00DFEEC5 /* Release */ = {
			isa = XCBuildConfiguration;
			buildSettings = {
				ALWAYS_EMBED_SWIFT_STANDARD_LIBRARIES = YES;
				CODE_SIGN_STYLE = Automatic;
				DEVELOPMENT_TEAM = L7G7DSRFPX;
				INFOPLIST_FILE = ColorsUITests/Info.plist;
				LD_RUNPATH_SEARCH_PATHS = (
					"$(inherited)",
					"@executable_path/Frameworks",
					"@loader_path/Frameworks",
				);
				PRODUCT_BUNDLE_IDENTIFIER = edu.Missouri.ColorsUITests;
				PRODUCT_NAME = "$(TARGET_NAME)";
				SWIFT_VERSION = 5.0;
				TARGETED_DEVICE_FAMILY = "1,2";
				TEST_TARGET_NAME = Colors;
			};
			name = Release;
		};
/* End XCBuildConfiguration section */

/* Begin XCConfigurationList section */
		DCDEBDB72521403E00DFEEC5 /* Build configuration list for PBXProject "Colors" */ = {
			isa = XCConfigurationList;
			buildConfigurations = (
				DCDEBDE42521403F00DFEEC5 /* Debug */,
				DCDEBDE52521403F00DFEEC5 /* Release */,
			);
			defaultConfigurationIsVisible = 0;
			defaultConfigurationName = Release;
		};
		DCDEBDE62521403F00DFEEC5 /* Build configuration list for PBXNativeTarget "Colors" */ = {
			isa = XCConfigurationList;
			buildConfigurations = (
				DCDEBDE72521403F00DFEEC5 /* Debug */,
				DCDEBDE82521403F00DFEEC5 /* Release */,
			);
			defaultConfigurationIsVisible = 0;
			defaultConfigurationName = Release;
		};
		DCDEBDE92521403F00DFEEC5 /* Build configuration list for PBXNativeTarget "ColorsTests" */ = {
			isa = XCConfigurationList;
			buildConfigurations = (
				DCDEBDEA2521403F00DFEEC5 /* Debug */,
				DCDEBDEB2521403F00DFEEC5 /* Release */,
			);
			defaultConfigurationIsVisible = 0;
			defaultConfigurationName = Release;
		};
		DCDEBDEC2521403F00DFEEC5 /* Build configuration list for PBXNativeTarget "ColorsUITests" */ = {
			isa = XCConfigurationList;
			buildConfigurations = (
				DCDEBDED2521403F00DFEEC5 /* Debug */,
				DCDEBDEE2521403F00DFEEC5 /* Release */,
			);
			defaultConfigurationIsVisible = 0;
			defaultConfigurationName = Release;
		};
/* End XCConfigurationList section */
	};
	rootObject = DCDEBDB42521403E00DFEEC5 /* Project object */;
}
